// !$*UTF8*$!
{
	archiveVersion = 1;
	classes = {
	};
	objectVersion = 55;
	objects = {

/* Begin PBXBuildFile section */
		296756FE27C761B200409EAF /* StoreConfigRequest.swift in Sources */ = {isa = PBXBuildFile; fileRef = 296756FD27C761B200409EAF /* StoreConfigRequest.swift */; };
		2967570227C7BA8F00409EAF /* ConfigurationView.swift in Sources */ = {isa = PBXBuildFile; fileRef = 2967570127C7BA8F00409EAF /* ConfigurationView.swift */; };
		2967570427C7BC4500409EAF /* WbecConfiguration.swift in Sources */ = {isa = PBXBuildFile; fileRef = 2967570327C7BC4500409EAF /* WbecConfiguration.swift */; };
		2967570627C7CCE100409EAF /* NavigationBarModifier.swift in Sources */ = {isa = PBXBuildFile; fileRef = 2967570527C7CCE100409EAF /* NavigationBarModifier.swift */; };
		2967570A27C91D5F00409EAF /* CoffeeData.swift in Sources */ = {isa = PBXBuildFile; fileRef = 2967570927C91D5F00409EAF /* CoffeeData.swift */; };
		2989E65F27C3671000F734C0 /* wbec_ios_appApp.swift in Sources */ = {isa = PBXBuildFile; fileRef = 2989E65E27C3671000F734C0 /* wbec_ios_appApp.swift */; };
		2989E66127C3671000F734C0 /* ContentView.swift in Sources */ = {isa = PBXBuildFile; fileRef = 2989E66027C3671000F734C0 /* ContentView.swift */; };
		2989E66327C3671300F734C0 /* Assets.xcassets in Resources */ = {isa = PBXBuildFile; fileRef = 2989E66227C3671300F734C0 /* Assets.xcassets */; };
		2989E66627C3671300F734C0 /* Preview Assets.xcassets in Resources */ = {isa = PBXBuildFile; fileRef = 2989E66527C3671300F734C0 /* Preview Assets.xcassets */; };
		2989E66D27C3685C00F734C0 /* WebSocketController.swift in Sources */ = {isa = PBXBuildFile; fileRef = 2989E66C27C3685C00F734C0 /* WebSocketController.swift */; };
		2989E66F27C3692600F734C0 /* WbecWebSocketResponse.swift in Sources */ = {isa = PBXBuildFile; fileRef = 2989E66E27C3692600F734C0 /* WbecWebSocketResponse.swift */; };
		2989E67527C38A7200F734C0 /* Assets.xcassets in Resources */ = {isa = PBXBuildFile; fileRef = 2989E67427C38A7200F734C0 /* Assets.xcassets */; };
		2989E67B27C38A7200F734C0 /* wbecwatch WatchKit Extension.appex in Embed App Extensions */ = {isa = PBXBuildFile; fileRef = 2989E67A27C38A7200F734C0 /* wbecwatch WatchKit Extension.appex */; settings = {ATTRIBUTES = (RemoveHeadersOnCopy, ); }; };
		2989E68027C38A7200F734C0 /* wbec_ios_appApp.swift in Sources */ = {isa = PBXBuildFile; fileRef = 2989E67F27C38A7200F734C0 /* wbec_ios_appApp.swift */; };
		2989E68227C38A7200F734C0 /* ContentView.swift in Sources */ = {isa = PBXBuildFile; fileRef = 2989E68127C38A7200F734C0 /* ContentView.swift */; };
		2989E68427C38A7200F734C0 /* NotificationController.swift in Sources */ = {isa = PBXBuildFile; fileRef = 2989E68327C38A7200F734C0 /* NotificationController.swift */; };
		2989E68627C38A7200F734C0 /* NotificationView.swift in Sources */ = {isa = PBXBuildFile; fileRef = 2989E68527C38A7200F734C0 /* NotificationView.swift */; };
		2989E68827C38A7200F734C0 /* ComplicationController.swift in Sources */ = {isa = PBXBuildFile; fileRef = 2989E68727C38A7200F734C0 /* ComplicationController.swift */; };
		2989E68A27C38A7400F734C0 /* Assets.xcassets in Resources */ = {isa = PBXBuildFile; fileRef = 2989E68927C38A7400F734C0 /* Assets.xcassets */; };
		2989E68D27C38A7400F734C0 /* Preview Assets.xcassets in Resources */ = {isa = PBXBuildFile; fileRef = 2989E68C27C38A7400F734C0 /* Preview Assets.xcassets */; };
		2989E69227C38A7400F734C0 /* wbec.app in Embed Watch Content */ = {isa = PBXBuildFile; fileRef = 2989E67227C38A6E00F734C0 /* wbec.app */; settings = {ATTRIBUTES = (RemoveHeadersOnCopy, ); }; };
		2989E69B27C38AD400F734C0 /* WebSocketController.swift in Sources */ = {isa = PBXBuildFile; fileRef = 2989E66C27C3685C00F734C0 /* WebSocketController.swift */; };
		2989E69C27C38BAB00F734C0 /* WbecWebSocketResponse.swift in Sources */ = {isa = PBXBuildFile; fileRef = 2989E66E27C3692600F734C0 /* WbecWebSocketResponse.swift */; };
		2989E69E27C3B4A200F734C0 /* ColorButtonStyle.swift in Sources */ = {isa = PBXBuildFile; fileRef = 2989E69D27C3B4A100F734C0 /* ColorButtonStyle.swift */; };
		2989E69F27C3B4B000F734C0 /* ColorButtonStyle.swift in Sources */ = {isa = PBXBuildFile; fileRef = 2989E69D27C3B4A100F734C0 /* ColorButtonStyle.swift */; };
/* End PBXBuildFile section */

/* Begin PBXContainerItemProxy section */
		2989E67C27C38A7200F734C0 /* PBXContainerItemProxy */ = {
			isa = PBXContainerItemProxy;
			containerPortal = 2989E65327C3671000F734C0 /* Project object */;
			proxyType = 1;
			remoteGlobalIDString = 2989E67927C38A7200F734C0;
			remoteInfo = "wbecwatch WatchKit Extension";
		};
		2989E69027C38A7400F734C0 /* PBXContainerItemProxy */ = {
			isa = PBXContainerItemProxy;
			containerPortal = 2989E65327C3671000F734C0 /* Project object */;
			proxyType = 1;
			remoteGlobalIDString = 2989E67127C38A6E00F734C0;
			remoteInfo = wbecwatch;
		};
/* End PBXContainerItemProxy section */

/* Begin PBXCopyFilesBuildPhase section */
		2989E69627C38A7400F734C0 /* Embed App Extensions */ = {
			isa = PBXCopyFilesBuildPhase;
			buildActionMask = 2147483647;
			dstPath = "";
			dstSubfolderSpec = 13;
			files = (
				2989E67B27C38A7200F734C0 /* wbecwatch WatchKit Extension.appex in Embed App Extensions */,
			);
			name = "Embed App Extensions";
			runOnlyForDeploymentPostprocessing = 0;
		};
		2989E69A27C38A7400F734C0 /* Embed Watch Content */ = {
			isa = PBXCopyFilesBuildPhase;
			buildActionMask = 2147483647;
			dstPath = "$(CONTENTS_FOLDER_PATH)/Watch";
			dstSubfolderSpec = 16;
			files = (
				2989E69227C38A7400F734C0 /* wbec.app in Embed Watch Content */,
			);
			name = "Embed Watch Content";
			runOnlyForDeploymentPostprocessing = 0;
		};
/* End PBXCopyFilesBuildPhase section */

/* Begin PBXFileReference section */
		296756FD27C761B200409EAF /* StoreConfigRequest.swift */ = {isa = PBXFileReference; lastKnownFileType = sourcecode.swift; path = StoreConfigRequest.swift; sourceTree = "<group>"; };
		2967570127C7BA8F00409EAF /* ConfigurationView.swift */ = {isa = PBXFileReference; lastKnownFileType = sourcecode.swift; path = ConfigurationView.swift; sourceTree = "<group>"; };
		2967570327C7BC4500409EAF /* WbecConfiguration.swift */ = {isa = PBXFileReference; lastKnownFileType = sourcecode.swift; path = WbecConfiguration.swift; sourceTree = "<group>"; };
		2967570527C7CCE100409EAF /* NavigationBarModifier.swift */ = {isa = PBXFileReference; lastKnownFileType = sourcecode.swift; path = NavigationBarModifier.swift; sourceTree = "<group>"; };
		2967570927C91D5F00409EAF /* CoffeeData.swift */ = {isa = PBXFileReference; fileEncoding = 4; lastKnownFileType = sourcecode.swift; path = CoffeeData.swift; sourceTree = "<group>"; };
		2989E65B27C3671000F734C0 /* wbec.app */ = {isa = PBXFileReference; explicitFileType = wrapper.application; includeInIndex = 0; path = wbec.app; sourceTree = BUILT_PRODUCTS_DIR; };
		2989E65E27C3671000F734C0 /* wbec_ios_appApp.swift */ = {isa = PBXFileReference; lastKnownFileType = sourcecode.swift; path = wbec_ios_appApp.swift; sourceTree = "<group>"; };
		2989E66027C3671000F734C0 /* ContentView.swift */ = {isa = PBXFileReference; lastKnownFileType = sourcecode.swift; path = ContentView.swift; sourceTree = "<group>"; };
		2989E66227C3671300F734C0 /* Assets.xcassets */ = {isa = PBXFileReference; lastKnownFileType = folder.assetcatalog; path = Assets.xcassets; sourceTree = "<group>"; };
		2989E66527C3671300F734C0 /* Preview Assets.xcassets */ = {isa = PBXFileReference; lastKnownFileType = folder.assetcatalog; path = "Preview Assets.xcassets"; sourceTree = "<group>"; };
		2989E66C27C3685C00F734C0 /* WebSocketController.swift */ = {isa = PBXFileReference; fileEncoding = 4; lastKnownFileType = sourcecode.swift; path = WebSocketController.swift; sourceTree = "<group>"; };
		2989E66E27C3692600F734C0 /* WbecWebSocketResponse.swift */ = {isa = PBXFileReference; lastKnownFileType = sourcecode.swift; path = WbecWebSocketResponse.swift; sourceTree = "<group>"; };
		2989E67227C38A6E00F734C0 /* wbec.app */ = {isa = PBXFileReference; explicitFileType = wrapper.application; includeInIndex = 0; path = wbec.app; sourceTree = BUILT_PRODUCTS_DIR; };
		2989E67427C38A7200F734C0 /* Assets.xcassets */ = {isa = PBXFileReference; lastKnownFileType = folder.assetcatalog; path = Assets.xcassets; sourceTree = "<group>"; };
		2989E67A27C38A7200F734C0 /* wbecwatch WatchKit Extension.appex */ = {isa = PBXFileReference; explicitFileType = "wrapper.app-extension"; includeInIndex = 0; path = "wbecwatch WatchKit Extension.appex"; sourceTree = BUILT_PRODUCTS_DIR; };
		2989E67F27C38A7200F734C0 /* wbec_ios_appApp.swift */ = {isa = PBXFileReference; lastKnownFileType = sourcecode.swift; path = wbec_ios_appApp.swift; sourceTree = "<group>"; };
		2989E68127C38A7200F734C0 /* ContentView.swift */ = {isa = PBXFileReference; lastKnownFileType = sourcecode.swift; path = ContentView.swift; sourceTree = "<group>"; };
		2989E68327C38A7200F734C0 /* NotificationController.swift */ = {isa = PBXFileReference; lastKnownFileType = sourcecode.swift; path = NotificationController.swift; sourceTree = "<group>"; };
		2989E68527C38A7200F734C0 /* NotificationView.swift */ = {isa = PBXFileReference; lastKnownFileType = sourcecode.swift; path = NotificationView.swift; sourceTree = "<group>"; };
		2989E68727C38A7200F734C0 /* ComplicationController.swift */ = {isa = PBXFileReference; lastKnownFileType = sourcecode.swift; path = ComplicationController.swift; sourceTree = "<group>"; };
		2989E68927C38A7400F734C0 /* Assets.xcassets */ = {isa = PBXFileReference; lastKnownFileType = folder.assetcatalog; path = Assets.xcassets; sourceTree = "<group>"; };
		2989E68C27C38A7400F734C0 /* Preview Assets.xcassets */ = {isa = PBXFileReference; lastKnownFileType = folder.assetcatalog; path = "Preview Assets.xcassets"; sourceTree = "<group>"; };
		2989E68E27C38A7400F734C0 /* Info.plist */ = {isa = PBXFileReference; lastKnownFileType = text.plist.xml; path = Info.plist; sourceTree = "<group>"; };
		2989E68F27C38A7400F734C0 /* PushNotificationPayload.apns */ = {isa = PBXFileReference; lastKnownFileType = text; path = PushNotificationPayload.apns; sourceTree = "<group>"; };
		2989E69D27C3B4A100F734C0 /* ColorButtonStyle.swift */ = {isa = PBXFileReference; lastKnownFileType = sourcecode.swift; path = ColorButtonStyle.swift; sourceTree = "<group>"; };
		29D63F9627EC8AA8004E6C8B /* wbec-Info.plist */ = {isa = PBXFileReference; lastKnownFileType = text.plist; path = "wbec-Info.plist"; sourceTree = "<group>"; };
/* End PBXFileReference section */

/* Begin PBXFrameworksBuildPhase section */
		2989E65827C3671000F734C0 /* Frameworks */ = {
			isa = PBXFrameworksBuildPhase;
			buildActionMask = 2147483647;
			files = (
			);
			runOnlyForDeploymentPostprocessing = 0;
		};
		2989E67727C38A7200F734C0 /* Frameworks */ = {
			isa = PBXFrameworksBuildPhase;
			buildActionMask = 2147483647;
			files = (
			);
			runOnlyForDeploymentPostprocessing = 0;
		};
/* End PBXFrameworksBuildPhase section */

/* Begin PBXGroup section */
		2989E65227C3671000F734C0 = {
			isa = PBXGroup;
			children = (
				29D63F9627EC8AA8004E6C8B /* wbec-Info.plist */,
				2989E65D27C3671000F734C0 /* wbec-ios-app */,
				2989E67327C38A6E00F734C0 /* wbecwatch */,
				2989E67E27C38A7200F734C0 /* wbecwatch WatchKit Extension */,
				2989E65C27C3671000F734C0 /* Products */,
			);
			sourceTree = "<group>";
		};
		2989E65C27C3671000F734C0 /* Products */ = {
			isa = PBXGroup;
			children = (
				2989E65B27C3671000F734C0 /* wbec.app */,
				2989E67227C38A6E00F734C0 /* wbec.app */,
				2989E67A27C38A7200F734C0 /* wbecwatch WatchKit Extension.appex */,
			);
			name = Products;
			sourceTree = "<group>";
		};
		2989E65D27C3671000F734C0 /* wbec-ios-app */ = {
			isa = PBXGroup;
			children = (
				2967570527C7CCE100409EAF /* NavigationBarModifier.swift */,
				2989E65E27C3671000F734C0 /* wbec_ios_appApp.swift */,
				2989E66027C3671000F734C0 /* ContentView.swift */,
				2967570127C7BA8F00409EAF /* ConfigurationView.swift */,
				2989E66C27C3685C00F734C0 /* WebSocketController.swift */,
				2989E66E27C3692600F734C0 /* WbecWebSocketResponse.swift */,
				2989E69D27C3B4A100F734C0 /* ColorButtonStyle.swift */,
				2989E66227C3671300F734C0 /* Assets.xcassets */,
				2989E66427C3671300F734C0 /* Preview Content */,
				2967570327C7BC4500409EAF /* WbecConfiguration.swift */,
				296756FD27C761B200409EAF /* StoreConfigRequest.swift */,
			);
			path = "wbec-ios-app";
			sourceTree = "<group>";
		};
		2989E66427C3671300F734C0 /* Preview Content */ = {
			isa = PBXGroup;
			children = (
				2989E66527C3671300F734C0 /* Preview Assets.xcassets */,
			);
			path = "Preview Content";
			sourceTree = "<group>";
		};
		2989E67327C38A6E00F734C0 /* wbecwatch */ = {
			isa = PBXGroup;
			children = (
				2989E67427C38A7200F734C0 /* Assets.xcassets */,
			);
			path = wbecwatch;
			sourceTree = "<group>";
		};
		2989E67E27C38A7200F734C0 /* wbecwatch WatchKit Extension */ = {
			isa = PBXGroup;
			children = (
				2989E67F27C38A7200F734C0 /* wbec_ios_appApp.swift */,
				2967570927C91D5F00409EAF /* CoffeeData.swift */,
				2989E68127C38A7200F734C0 /* ContentView.swift */,
				2989E68327C38A7200F734C0 /* NotificationController.swift */,
				2989E68527C38A7200F734C0 /* NotificationView.swift */,
				2989E68727C38A7200F734C0 /* ComplicationController.swift */,
				2989E68927C38A7400F734C0 /* Assets.xcassets */,
				2989E68E27C38A7400F734C0 /* Info.plist */,
				2989E68F27C38A7400F734C0 /* PushNotificationPayload.apns */,
				2989E68B27C38A7400F734C0 /* Preview Content */,
			);
			path = "wbecwatch WatchKit Extension";
			sourceTree = "<group>";
		};
		2989E68B27C38A7400F734C0 /* Preview Content */ = {
			isa = PBXGroup;
			children = (
				2989E68C27C38A7400F734C0 /* Preview Assets.xcassets */,
			);
			path = "Preview Content";
			sourceTree = "<group>";
		};
/* End PBXGroup section */

/* Begin PBXNativeTarget section */
		2989E65A27C3671000F734C0 /* wbec */ = {
			isa = PBXNativeTarget;
			buildConfigurationList = 2989E66927C3671300F734C0 /* Build configuration list for PBXNativeTarget "wbec" */;
			buildPhases = (
				2989E65727C3671000F734C0 /* Sources */,
				2989E65827C3671000F734C0 /* Frameworks */,
				2989E65927C3671000F734C0 /* Resources */,
				2989E69A27C38A7400F734C0 /* Embed Watch Content */,
			);
			buildRules = (
			);
			dependencies = (
				2989E69127C38A7400F734C0 /* PBXTargetDependency */,
			);
			name = wbec;
			productName = "wbec-ios-app";
			productReference = 2989E65B27C3671000F734C0 /* wbec.app */;
			productType = "com.apple.product-type.application";
		};
		2989E67127C38A6E00F734C0 /* wbecwatch */ = {
			isa = PBXNativeTarget;
			buildConfigurationList = 2989E69727C38A7400F734C0 /* Build configuration list for PBXNativeTarget "wbecwatch" */;
			buildPhases = (
				2989E67027C38A6E00F734C0 /* Resources */,
				2989E69627C38A7400F734C0 /* Embed App Extensions */,
			);
			buildRules = (
			);
			dependencies = (
				2989E67D27C38A7200F734C0 /* PBXTargetDependency */,
			);
			name = wbecwatch;
			productName = wbecwatch;
			productReference = 2989E67227C38A6E00F734C0 /* wbec.app */;
			productType = "com.apple.product-type.application.watchapp2";
		};
		2989E67927C38A7200F734C0 /* wbecwatch WatchKit Extension */ = {
			isa = PBXNativeTarget;
			buildConfigurationList = 2989E69327C38A7400F734C0 /* Build configuration list for PBXNativeTarget "wbecwatch WatchKit Extension" */;
			buildPhases = (
				2989E67627C38A7200F734C0 /* Sources */,
				2989E67727C38A7200F734C0 /* Frameworks */,
				2989E67827C38A7200F734C0 /* Resources */,
			);
			buildRules = (
			);
			dependencies = (
			);
			name = "wbecwatch WatchKit Extension";
			productName = "wbecwatch WatchKit Extension";
			productReference = 2989E67A27C38A7200F734C0 /* wbecwatch WatchKit Extension.appex */;
			productType = "com.apple.product-type.watchkit2-extension";
		};
/* End PBXNativeTarget section */

/* Begin PBXProject section */
		2989E65327C3671000F734C0 /* Project object */ = {
			isa = PBXProject;
			attributes = {
				BuildIndependentTargetsInParallel = 1;
				LastSwiftUpdateCheck = 1320;
				LastUpgradeCheck = 1320;
				TargetAttributes = {
					2989E65A27C3671000F734C0 = {
						CreatedOnToolsVersion = 13.2;
					};
					2989E67127C38A6E00F734C0 = {
						CreatedOnToolsVersion = 13.2;
					};
					2989E67927C38A7200F734C0 = {
						CreatedOnToolsVersion = 13.2;
					};
				};
			};
			buildConfigurationList = 2989E65627C3671000F734C0 /* Build configuration list for PBXProject "wbec-ios-app" */;
			compatibilityVersion = "Xcode 13.0";
			developmentRegion = en;
			hasScannedForEncodings = 0;
			knownRegions = (
				en,
				Base,
			);
			mainGroup = 2989E65227C3671000F734C0;
			productRefGroup = 2989E65C27C3671000F734C0 /* Products */;
			projectDirPath = "";
			projectRoot = "";
			targets = (
				2989E65A27C3671000F734C0 /* wbec */,
				2989E67127C38A6E00F734C0 /* wbecwatch */,
				2989E67927C38A7200F734C0 /* wbecwatch WatchKit Extension */,
			);
		};
/* End PBXProject section */

/* Begin PBXResourcesBuildPhase section */
		2989E65927C3671000F734C0 /* Resources */ = {
			isa = PBXResourcesBuildPhase;
			buildActionMask = 2147483647;
			files = (
				2989E66627C3671300F734C0 /* Preview Assets.xcassets in Resources */,
				2989E66327C3671300F734C0 /* Assets.xcassets in Resources */,
			);
			runOnlyForDeploymentPostprocessing = 0;
		};
		2989E67027C38A6E00F734C0 /* Resources */ = {
			isa = PBXResourcesBuildPhase;
			buildActionMask = 2147483647;
			files = (
				2989E67527C38A7200F734C0 /* Assets.xcassets in Resources */,
			);
			runOnlyForDeploymentPostprocessing = 0;
		};
		2989E67827C38A7200F734C0 /* Resources */ = {
			isa = PBXResourcesBuildPhase;
			buildActionMask = 2147483647;
			files = (
				2989E68D27C38A7400F734C0 /* Preview Assets.xcassets in Resources */,
				2989E68A27C38A7400F734C0 /* Assets.xcassets in Resources */,
			);
			runOnlyForDeploymentPostprocessing = 0;
		};
/* End PBXResourcesBuildPhase section */

/* Begin PBXSourcesBuildPhase section */
		2989E65727C3671000F734C0 /* Sources */ = {
			isa = PBXSourcesBuildPhase;
			buildActionMask = 2147483647;
			files = (
				2989E66D27C3685C00F734C0 /* WebSocketController.swift in Sources */,
				2967570227C7BA8F00409EAF /* ConfigurationView.swift in Sources */,
				2967570627C7CCE100409EAF /* NavigationBarModifier.swift in Sources */,
				296756FE27C761B200409EAF /* StoreConfigRequest.swift in Sources */,
				2967570427C7BC4500409EAF /* WbecConfiguration.swift in Sources */,
				2989E69E27C3B4A200F734C0 /* ColorButtonStyle.swift in Sources */,
				2989E66F27C3692600F734C0 /* WbecWebSocketResponse.swift in Sources */,
				2989E66127C3671000F734C0 /* ContentView.swift in Sources */,
				2989E65F27C3671000F734C0 /* wbec_ios_appApp.swift in Sources */,
			);
			runOnlyForDeploymentPostprocessing = 0;
		};
		2989E67627C38A7200F734C0 /* Sources */ = {
			isa = PBXSourcesBuildPhase;
			buildActionMask = 2147483647;
			files = (
				2989E68427C38A7200F734C0 /* NotificationController.swift in Sources */,
				2989E68227C38A7200F734C0 /* ContentView.swift in Sources */,
				2989E68827C38A7200F734C0 /* ComplicationController.swift in Sources */,
				2989E69C27C38BAB00F734C0 /* WbecWebSocketResponse.swift in Sources */,
				2989E69B27C38AD400F734C0 /* WebSocketController.swift in Sources */,
				2989E69F27C3B4B000F734C0 /* ColorButtonStyle.swift in Sources */,
				2989E68027C38A7200F734C0 /* wbec_ios_appApp.swift in Sources */,
				2989E68627C38A7200F734C0 /* NotificationView.swift in Sources */,
				2967570A27C91D5F00409EAF /* CoffeeData.swift in Sources */,
			);
			runOnlyForDeploymentPostprocessing = 0;
		};
/* End PBXSourcesBuildPhase section */

/* Begin PBXTargetDependency section */
		2989E67D27C38A7200F734C0 /* PBXTargetDependency */ = {
			isa = PBXTargetDependency;
			target = 2989E67927C38A7200F734C0 /* wbecwatch WatchKit Extension */;
			targetProxy = 2989E67C27C38A7200F734C0 /* PBXContainerItemProxy */;
		};
		2989E69127C38A7400F734C0 /* PBXTargetDependency */ = {
			isa = PBXTargetDependency;
			target = 2989E67127C38A6E00F734C0 /* wbecwatch */;
			targetProxy = 2989E69027C38A7400F734C0 /* PBXContainerItemProxy */;
		};
/* End PBXTargetDependency section */

/* Begin XCBuildConfiguration section */
		2989E66727C3671300F734C0 /* Debug */ = {
			isa = XCBuildConfiguration;
			buildSettings = {
				ALWAYS_SEARCH_USER_PATHS = NO;
				CLANG_ANALYZER_NONNULL = YES;
				CLANG_ANALYZER_NUMBER_OBJECT_CONVERSION = YES_AGGRESSIVE;
				CLANG_CXX_LANGUAGE_STANDARD = "gnu++17";
				CLANG_CXX_LIBRARY = "libc++";
				CLANG_ENABLE_MODULES = YES;
				CLANG_ENABLE_OBJC_ARC = YES;
				CLANG_ENABLE_OBJC_WEAK = YES;
				CLANG_WARN_BLOCK_CAPTURE_AUTORELEASING = YES;
				CLANG_WARN_BOOL_CONVERSION = YES;
				CLANG_WARN_COMMA = YES;
				CLANG_WARN_CONSTANT_CONVERSION = YES;
				CLANG_WARN_DEPRECATED_OBJC_IMPLEMENTATIONS = YES;
				CLANG_WARN_DIRECT_OBJC_ISA_USAGE = YES_ERROR;
				CLANG_WARN_DOCUMENTATION_COMMENTS = YES;
				CLANG_WARN_EMPTY_BODY = YES;
				CLANG_WARN_ENUM_CONVERSION = YES;
				CLANG_WARN_INFINITE_RECURSION = YES;
				CLANG_WARN_INT_CONVERSION = YES;
				CLANG_WARN_NON_LITERAL_NULL_CONVERSION = YES;
				CLANG_WARN_OBJC_IMPLICIT_RETAIN_SELF = YES;
				CLANG_WARN_OBJC_LITERAL_CONVERSION = YES;
				CLANG_WARN_OBJC_ROOT_CLASS = YES_ERROR;
				CLANG_WARN_QUOTED_INCLUDE_IN_FRAMEWORK_HEADER = YES;
				CLANG_WARN_RANGE_LOOP_ANALYSIS = YES;
				CLANG_WARN_STRICT_PROTOTYPES = YES;
				CLANG_WARN_SUSPICIOUS_MOVE = YES;
				CLANG_WARN_UNGUARDED_AVAILABILITY = YES_AGGRESSIVE;
				CLANG_WARN_UNREACHABLE_CODE = YES;
				CLANG_WARN__DUPLICATE_METHOD_MATCH = YES;
				COPY_PHASE_STRIP = NO;
				DEBUG_INFORMATION_FORMAT = dwarf;
				ENABLE_STRICT_OBJC_MSGSEND = YES;
				ENABLE_TESTABILITY = YES;
				GCC_C_LANGUAGE_STANDARD = gnu11;
				GCC_DYNAMIC_NO_PIC = NO;
				GCC_NO_COMMON_BLOCKS = YES;
				GCC_OPTIMIZATION_LEVEL = 0;
				GCC_PREPROCESSOR_DEFINITIONS = (
					"DEBUG=1",
					"$(inherited)",
				);
				GCC_WARN_64_TO_32_BIT_CONVERSION = YES;
				GCC_WARN_ABOUT_RETURN_TYPE = YES_ERROR;
				GCC_WARN_UNDECLARED_SELECTOR = YES;
				GCC_WARN_UNINITIALIZED_AUTOS = YES_AGGRESSIVE;
				GCC_WARN_UNUSED_FUNCTION = YES;
				GCC_WARN_UNUSED_VARIABLE = YES;
				IPHONEOS_DEPLOYMENT_TARGET = 15.2;
				MTL_ENABLE_DEBUG_INFO = INCLUDE_SOURCE;
				MTL_FAST_MATH = YES;
				ONLY_ACTIVE_ARCH = YES;
				SDKROOT = iphoneos;
				SWIFT_ACTIVE_COMPILATION_CONDITIONS = DEBUG;
				SWIFT_OPTIMIZATION_LEVEL = "-Onone";
			};
			name = Debug;
		};
		2989E66827C3671300F734C0 /* Release */ = {
			isa = XCBuildConfiguration;
			buildSettings = {
				ALWAYS_SEARCH_USER_PATHS = NO;
				CLANG_ANALYZER_NONNULL = YES;
				CLANG_ANALYZER_NUMBER_OBJECT_CONVERSION = YES_AGGRESSIVE;
				CLANG_CXX_LANGUAGE_STANDARD = "gnu++17";
				CLANG_CXX_LIBRARY = "libc++";
				CLANG_ENABLE_MODULES = YES;
				CLANG_ENABLE_OBJC_ARC = YES;
				CLANG_ENABLE_OBJC_WEAK = YES;
				CLANG_WARN_BLOCK_CAPTURE_AUTORELEASING = YES;
				CLANG_WARN_BOOL_CONVERSION = YES;
				CLANG_WARN_COMMA = YES;
				CLANG_WARN_CONSTANT_CONVERSION = YES;
				CLANG_WARN_DEPRECATED_OBJC_IMPLEMENTATIONS = YES;
				CLANG_WARN_DIRECT_OBJC_ISA_USAGE = YES_ERROR;
				CLANG_WARN_DOCUMENTATION_COMMENTS = YES;
				CLANG_WARN_EMPTY_BODY = YES;
				CLANG_WARN_ENUM_CONVERSION = YES;
				CLANG_WARN_INFINITE_RECURSION = YES;
				CLANG_WARN_INT_CONVERSION = YES;
				CLANG_WARN_NON_LITERAL_NULL_CONVERSION = YES;
				CLANG_WARN_OBJC_IMPLICIT_RETAIN_SELF = YES;
				CLANG_WARN_OBJC_LITERAL_CONVERSION = YES;
				CLANG_WARN_OBJC_ROOT_CLASS = YES_ERROR;
				CLANG_WARN_QUOTED_INCLUDE_IN_FRAMEWORK_HEADER = YES;
				CLANG_WARN_RANGE_LOOP_ANALYSIS = YES;
				CLANG_WARN_STRICT_PROTOTYPES = YES;
				CLANG_WARN_SUSPICIOUS_MOVE = YES;
				CLANG_WARN_UNGUARDED_AVAILABILITY = YES_AGGRESSIVE;
				CLANG_WARN_UNREACHABLE_CODE = YES;
				CLANG_WARN__DUPLICATE_METHOD_MATCH = YES;
				COPY_PHASE_STRIP = NO;
				DEBUG_INFORMATION_FORMAT = "dwarf-with-dsym";
				ENABLE_NS_ASSERTIONS = NO;
				ENABLE_STRICT_OBJC_MSGSEND = YES;
				GCC_C_LANGUAGE_STANDARD = gnu11;
				GCC_NO_COMMON_BLOCKS = YES;
				GCC_WARN_64_TO_32_BIT_CONVERSION = YES;
				GCC_WARN_ABOUT_RETURN_TYPE = YES_ERROR;
				GCC_WARN_UNDECLARED_SELECTOR = YES;
				GCC_WARN_UNINITIALIZED_AUTOS = YES_AGGRESSIVE;
				GCC_WARN_UNUSED_FUNCTION = YES;
				GCC_WARN_UNUSED_VARIABLE = YES;
				IPHONEOS_DEPLOYMENT_TARGET = 15.2;
				MTL_ENABLE_DEBUG_INFO = NO;
				MTL_FAST_MATH = YES;
				SDKROOT = iphoneos;
				SWIFT_COMPILATION_MODE = wholemodule;
				SWIFT_OPTIMIZATION_LEVEL = "-O";
				VALIDATE_PRODUCT = YES;
			};
			name = Release;
		};
		2989E66A27C3671300F734C0 /* Debug */ = {
			isa = XCBuildConfiguration;
			buildSettings = {
				ASSETCATALOG_COMPILER_APPICON_NAME = AppIcon;
				ASSETCATALOG_COMPILER_GLOBAL_ACCENT_COLOR_NAME = AccentColor;
				ASSETCATALOG_COMPILER_INCLUDE_ALL_APPICON_ASSETS = NO;
				CODE_SIGN_STYLE = Automatic;
				CURRENT_PROJECT_VERSION = 1.0.2;
				DEVELOPMENT_ASSET_PATHS = "\"wbec-ios-app/Preview Content\"";
				DEVELOPMENT_TEAM = GWU92327TC;
				ENABLE_PREVIEWS = YES;
				GENERATE_INFOPLIST_FILE = YES;
				INFOPLIST_FILE = "wbec-Info.plist";
				INFOPLIST_KEY_UIApplicationSceneManifest_Generation = YES;
				INFOPLIST_KEY_UIApplicationSupportsIndirectInputEvents = YES;
				INFOPLIST_KEY_UISupportedInterfaceOrientations_iPad = "UIInterfaceOrientationPortrait UIInterfaceOrientationPortraitUpsideDown UIInterfaceOrientationLandscapeLeft UIInterfaceOrientationLandscapeRight";
				INFOPLIST_KEY_UISupportedInterfaceOrientations_iPhone = UIInterfaceOrientationPortrait;
				LD_RUNPATH_SEARCH_PATHS = (
					"$(inherited)",
					"@executable_path/Frameworks",
				);
				MARKETING_VERSION = 1.0;
				PRODUCT_BUNDLE_IDENTIFIER = com.miketta.wbec;
				PRODUCT_NAME = wbec;
				SWIFT_EMIT_LOC_STRINGS = YES;
				SWIFT_VERSION = 5.0;
				TARGETED_DEVICE_FAMILY = "1,2";
			};
			name = Debug;
		};
		2989E66B27C3671300F734C0 /* Release */ = {
			isa = XCBuildConfiguration;
			buildSettings = {
				ASSETCATALOG_COMPILER_APPICON_NAME = AppIcon;
				ASSETCATALOG_COMPILER_GLOBAL_ACCENT_COLOR_NAME = AccentColor;
				ASSETCATALOG_COMPILER_INCLUDE_ALL_APPICON_ASSETS = NO;
				CODE_SIGN_STYLE = Automatic;
				CURRENT_PROJECT_VERSION = 1.0.2;
				DEVELOPMENT_ASSET_PATHS = "\"wbec-ios-app/Preview Content\"";
				DEVELOPMENT_TEAM = GWU92327TC;
				ENABLE_PREVIEWS = YES;
				GENERATE_INFOPLIST_FILE = YES;
				INFOPLIST_FILE = "wbec-Info.plist";
				INFOPLIST_KEY_UIApplicationSceneManifest_Generation = YES;
				INFOPLIST_KEY_UIApplicationSupportsIndirectInputEvents = YES;
				INFOPLIST_KEY_UISupportedInterfaceOrientations_iPad = "UIInterfaceOrientationPortrait UIInterfaceOrientationPortraitUpsideDown UIInterfaceOrientationLandscapeLeft UIInterfaceOrientationLandscapeRight";
				INFOPLIST_KEY_UISupportedInterfaceOrientations_iPhone = UIInterfaceOrientationPortrait;
				LD_RUNPATH_SEARCH_PATHS = (
					"$(inherited)",
					"@executable_path/Frameworks",
				);
				MARKETING_VERSION = 1.0;
				PRODUCT_BUNDLE_IDENTIFIER = com.miketta.wbec;
				PRODUCT_NAME = wbec;
				SWIFT_EMIT_LOC_STRINGS = YES;
				SWIFT_VERSION = 5.0;
				TARGETED_DEVICE_FAMILY = "1,2";
			};
			name = Release;
		};
		2989E69427C38A7400F734C0 /* Debug */ = {
			isa = XCBuildConfiguration;
			buildSettings = {
				ASSETCATALOG_COMPILER_COMPLICATION_NAME = Complication;
				CODE_SIGN_STYLE = Automatic;
				CURRENT_PROJECT_VERSION = 1.0.2;
				DEVELOPMENT_ASSET_PATHS = "\"wbecwatch WatchKit Extension/Preview Content\"";
				DEVELOPMENT_TEAM = GWU92327TC;
				ENABLE_PREVIEWS = YES;
				GENERATE_INFOPLIST_FILE = YES;
				INFOPLIST_FILE = "wbecwatch WatchKit Extension/Info.plist";
				INFOPLIST_KEY_CFBundleDisplayName = "wbecwatch WatchKit Extension";
				INFOPLIST_KEY_CLKComplicationPrincipalClass = "$(PRODUCT_MODULE_NAME).ComplicationController";
				INFOPLIST_KEY_NSHumanReadableCopyright = "";
				LD_RUNPATH_SEARCH_PATHS = (
					"$(inherited)",
					"@executable_path/Frameworks",
					"@executable_path/../../Frameworks",
				);
				MARKETING_VERSION = 1.0;
				PRODUCT_BUNDLE_IDENTIFIER = com.miketta.wbec.watchkitapp.watchkitextension;
				PRODUCT_NAME = "${TARGET_NAME}";
				SDKROOT = watchos;
				SKIP_INSTALL = YES;
				SWIFT_EMIT_LOC_STRINGS = YES;
				SWIFT_VERSION = 5.0;
				TARGETED_DEVICE_FAMILY = 4;
				WATCHOS_DEPLOYMENT_TARGET = 8.3;
			};
			name = Debug;
		};
		2989E69527C38A7400F734C0 /* Release */ = {
			isa = XCBuildConfiguration;
			buildSettings = {
				ASSETCATALOG_COMPILER_COMPLICATION_NAME = Complication;
				CODE_SIGN_STYLE = Automatic;
				CURRENT_PROJECT_VERSION = 1.0.2;
				DEVELOPMENT_ASSET_PATHS = "\"wbecwatch WatchKit Extension/Preview Content\"";
				DEVELOPMENT_TEAM = GWU92327TC;
				ENABLE_PREVIEWS = YES;
				GENERATE_INFOPLIST_FILE = YES;
				INFOPLIST_FILE = "wbecwatch WatchKit Extension/Info.plist";
				INFOPLIST_KEY_CFBundleDisplayName = "wbecwatch WatchKit Extension";
				INFOPLIST_KEY_CLKComplicationPrincipalClass = "$(PRODUCT_MODULE_NAME).ComplicationController";
				INFOPLIST_KEY_NSHumanReadableCopyright = "";
				LD_RUNPATH_SEARCH_PATHS = (
					"$(inherited)",
					"@executable_path/Frameworks",
					"@executable_path/../../Frameworks",
				);
				MARKETING_VERSION = 1.0;
				PRODUCT_BUNDLE_IDENTIFIER = com.miketta.wbec.watchkitapp.watchkitextension;
				PRODUCT_NAME = "${TARGET_NAME}";
				SDKROOT = watchos;
				SKIP_INSTALL = YES;
				SWIFT_EMIT_LOC_STRINGS = YES;
				SWIFT_VERSION = 5.0;
				TARGETED_DEVICE_FAMILY = 4;
				WATCHOS_DEPLOYMENT_TARGET = 8.3;
			};
			name = Release;
		};
		2989E69827C38A7400F734C0 /* Debug */ = {
			isa = XCBuildConfiguration;
			buildSettings = {
				ALWAYS_EMBED_SWIFT_STANDARD_LIBRARIES = YES;
				ASSETCATALOG_COMPILER_APPICON_NAME = AppIcon;
				ASSETCATALOG_COMPILER_GLOBAL_ACCENT_COLOR_NAME = AccentColor;
				CODE_SIGN_STYLE = Automatic;
				CURRENT_PROJECT_VERSION = 1.0.2;
				DEVELOPMENT_TEAM = GWU92327TC;
				GENERATE_INFOPLIST_FILE = YES;
				IBSC_MODULE = wbecwatch_WatchKit_Extension;
				INFOPLIST_KEY_UISupportedInterfaceOrientations = "UIInterfaceOrientationPortrait UIInterfaceOrientationPortraitUpsideDown";
				INFOPLIST_KEY_WKCompanionAppBundleIdentifier = com.miketta.wbec;
				MARKETING_VERSION = 1.0;
				PRODUCT_BUNDLE_IDENTIFIER = com.miketta.wbec.watchkitapp;
				PRODUCT_NAME = wbec;
				SDKROOT = watchos;
				SKIP_INSTALL = YES;
				SWIFT_EMIT_LOC_STRINGS = YES;
				SWIFT_VERSION = 5.0;
				TARGETED_DEVICE_FAMILY = 4;
				WATCHOS_DEPLOYMENT_TARGET = 8.3;
			};
			name = Debug;
		};
		2989E69927C38A7400F734C0 /* Release */ = {
			isa = XCBuildConfiguration;
			buildSettings = {
				ALWAYS_EMBED_SWIFT_STANDARD_LIBRARIES = YES;
				ASSETCATALOG_COMPILER_APPICON_NAME = AppIcon;
				ASSETCATALOG_COMPILER_GLOBAL_ACCENT_COLOR_NAME = AccentColor;
				CODE_SIGN_STYLE = Automatic;
				CURRENT_PROJECT_VERSION = 1.0.2;
				DEVELOPMENT_TEAM = GWU92327TC;
				GENERATE_INFOPLIST_FILE = YES;
				IBSC_MODULE = wbecwatch_WatchKit_Extension;
				INFOPLIST_KEY_UISupportedInterfaceOrientations = "UIInterfaceOrientationPortrait UIInterfaceOrientationPortraitUpsideDown";
				INFOPLIST_KEY_WKCompanionAppBundleIdentifier = com.miketta.wbec;
				MARKETING_VERSION = 1.0;
				PRODUCT_BUNDLE_IDENTIFIER = com.miketta.wbec.watchkitapp;
				PRODUCT_NAME = wbec;
				SDKROOT = watchos;
				SKIP_INSTALL = YES;
				SWIFT_EMIT_LOC_STRINGS = YES;
				SWIFT_VERSION = 5.0;
				TARGETED_DEVICE_FAMILY = 4;
				WATCHOS_DEPLOYMENT_TARGET = 8.3;
			};
			name = Release;
		};
/* End XCBuildConfiguration section */

/* Begin XCConfigurationList section */
		2989E65627C3671000F734C0 /* Build configuration list for PBXProject "wbec-ios-app" */ = {
			isa = XCConfigurationList;
			buildConfigurations = (
				2989E66727C3671300F734C0 /* Debug */,
				2989E66827C3671300F734C0 /* Release */,
			);
			defaultConfigurationIsVisible = 0;
			defaultConfigurationName = Release;
		};
		2989E66927C3671300F734C0 /* Build configuration list for PBXNativeTarget "wbec" */ = {
			isa = XCConfigurationList;
			buildConfigurations = (
				2989E66A27C3671300F734C0 /* Debug */,
				2989E66B27C3671300F734C0 /* Release */,
			);
			defaultConfigurationIsVisible = 0;
			defaultConfigurationName = Release;
		};
		2989E69327C38A7400F734C0 /* Build configuration list for PBXNativeTarget "wbecwatch WatchKit Extension" */ = {
			isa = XCConfigurationList;
			buildConfigurations = (
				2989E69427C38A7400F734C0 /* Debug */,
				2989E69527C38A7400F734C0 /* Release */,
			);
			defaultConfigurationIsVisible = 0;
			defaultConfigurationName = Release;
		};
		2989E69727C38A7400F734C0 /* Build configuration list for PBXNativeTarget "wbecwatch" */ = {
			isa = XCConfigurationList;
			buildConfigurations = (
				2989E69827C38A7400F734C0 /* Debug */,
				2989E69927C38A7400F734C0 /* Release */,
			);
			defaultConfigurationIsVisible = 0;
			defaultConfigurationName = Release;
		};
/* End XCConfigurationList section */
	};
	rootObject = 2989E65327C3671000F734C0 /* Project object */;
}
